
Microsoft Visual Studio Solution File, Format Version 12.00
# Visual Studio Version 17
VisualStudioVersion = 17.0.31903.59
MinimumVisualStudioVersion = 10.0.40219.1
Project("{2150E333-8FDC-42A3-9474-1A3956D46DE8}") = "src", "src", "{3380D6E0-6004-4557-9577-326A7CDCF143}"
EndProject
Project("{2150E333-8FDC-42A3-9474-1A3956D46DE8}") = "test", "test", "{0187E2A6-F831-45E3-8BAB-48EEDC64C965}"
EndProject
Project("{FAE04EC0-301F-11D3-BF4B-00C04F79EFBC}") = "Escendit.Umbraco.MediaUrlProviders.Cdn", "src\Escendit.Umbraco.MediaUrlProviders.Cdn.csproj", "{6DCC0DA0-C836-4031-8D9D-0D64F1036ED1}"
EndProject
Global
	GlobalSection(SolutionConfigurationPlatforms) = preSolution
		Debug|Any CPU = Debug|Any CPU
		Release|Any CPU = Release|Any CPU
	EndGlobalSection
	GlobalSection(SolutionProperties) = preSolution
		HideSolutionNode = FALSE
	EndGlobalSection
	GlobalSection(NestedProjects) = preSolution
		{6DCC0DA0-C836-4031-8D9D-0D64F1036ED1} = {3380D6E0-6004-4557-9577-326A7CDCF143}
	EndGlobalSection
	GlobalSection(ProjectConfigurationPlatforms) = postSolution
		{6DCC0DA0-C836-4031-8D9D-0D64F1036ED1}.Debug|Any CPU.ActiveCfg = Debug|Any CPU
		{6DCC0DA0-C836-4031-8D9D-0D64F1036ED1}.Debug|Any CPU.Build.0 = Debug|Any CPU
		{6DCC0DA0-C836-4031-8D9D-0D64F1036ED1}.Release|Any CPU.ActiveCfg = Release|Any CPU
		{6DCC0DA0-C836-4031-8D9D-0D64F1036ED1}.Release|Any CPU.Build.0 = Release|Any CPU
	EndGlobalSection
EndGlobal
